<?xml version="1.0" encoding="UTF-8"?>
<Scheme
   LastUpgradeVersion = "0700"
   version = "1.3">
   <BuildAction
      parallelizeBuildables = "YES"
      buildImplicitDependencies = "YES">
      <BuildActionEntries>
         <BuildActionEntry
            buildForTesting = "YES"
            buildForRunning = "YES"
            buildForProfiling = "YES"
            buildForArchiving = "YES"
            buildForAnalyzing = "YES">
            <BuildableReference
               BuildableIdentifier = "primary"
               BlueprintIdentifier = "0D68DD651BEEF2C100C1B22C"
               BuildableName = "&#x672c;&#x5730;&#x5316;&#x8bed;&#x8a00;&#x548c;&#x5207;&#x6362;.app"
               BlueprintName = "&#x672c;&#x5730;&#x5316;&#x8bed;&#x8a00;&#x548c;&#x5207;&#x6362;"
               ReferencedContainer = "container:&#x672c;&#x5730;&#x5316;&#x8bed;&#x8a00;&#x548c;&#x5207;&#x6362;.xcodeproj">
            </BuildableReference>
         </BuildActionEntry>
      </BuildActionEntries>
   </BuildAction>
   <TestAction
      buildConfiguration = "Debug"
      selectedDebuggerIdentifier = "Xcode.DebuggerFoundation.Debugger.LLDB"
      selectedLauncherIdentifier = "Xcode.DebuggerFoundation.Launcher.LLDB"
      shouldUseLaunchSchemeArgsEnv = "YES">
      <Testables>
      </Testables>
      <MacroExpansion>
         <BuildableReference
            BuildableIdentifier = "primary"
            BlueprintIdentifier = "0D68DD651BEEF2C100C1B22C"
            BuildableName = "&#x672c;&#x5730;&#x5316;&#x8bed;&#x8a00;&#x548c;&#x5207;&#x6362;.app"
            BlueprintName = "&#x672c;&#x5730;&#x5316;&#x8bed;&#x8a00;&#x548c;&#x5207;&#x6362;"
            ReferencedContainer = "container:&#x672c;&#x5730;&#x5316;&#x8bed;&#x8a00;&#x548c;&#x5207;&#x6362;.xcodeproj">
         </BuildableReference>
      </MacroExpansion>
      <AdditionalOptions>
      </AdditionalOptions>
   </TestAction>
   <LaunchAction
      buildConfiguration = "Debug"
      selectedDebuggerIdentifier = "Xcode.DebuggerFoundation.Debugger.LLDB"
      selectedLauncherIdentifier = "Xcode.DebuggerFoundation.Launcher.LLDB"
      launchStyle = "0"
      useCustomWorkingDirectory = "NO"
      ignoresPersistentStateOnLaunch = "NO"
      debugDocumentVersioning = "YES"
      debugServiceExtension = "internal"
      allowLocationSimulation = "YES">
      <BuildableProductRunnable
         runnableDebuggingMode = "0">
         <BuildableReference
            BuildableIdentifier = "primary"
            BlueprintIdentifier = "0D68DD651BEEF2C100C1B22C"
            BuildableName = "&#x672c;&#x5730;&#x5316;&#x8bed;&#x8a00;&#x548c;&#x5207;&#x6362;.app"
            BlueprintName = "&#x672c;&#x5730;&#x5316;&#x8bed;&#x8a00;&#x548c;&#x5207;&#x6362;"
            ReferencedContainer = "container:&#x672c;&#x5730;&#x5316;&#x8bed;&#x8a00;&#x548c;&#x5207;&#x6362;.xcodeproj">
         </BuildableReference>
      </BuildableProductRunnable>
      <AdditionalOptions>
      </AdditionalOptions>
   </LaunchAction>
   <ProfileAction
      buildConfiguration = "Release"
      shouldUseLaunchSchemeArgsEnv = "YES"
      savedToolIdentifier = ""
      useCustomWorkingDirectory = "NO"
      debugDocumentVersioning = "YES">
      <BuildableProductRunnable
         runnableDebuggingMode = "0">
         <BuildableReference
            BuildableIdentifier = "primary"
            BlueprintIdentifier = "0D68DD651BEEF2C100C1B22C"
            BuildableName = "&#x672c;&#x5730;&#x5316;&#x8bed;&#x8a00;&#x548c;&#x5207;&#x6362;.app"
            BlueprintName = "&#x672c;&#x5730;&#x5316;&#x8bed;&#x8a00;&#x548c;&#x5207;&#x6362;"
            ReferencedContainer = "container:&#x672c;&#x5730;&#x5316;&#x8bed;&#x8a00;&#x548c;&#x5207;&#x6362;.xcodeproj">
         </BuildableReference>
      </BuildableProductRunnable>
   </ProfileAction>
   <AnalyzeAction
      buildConfiguration = "Debug">
   </AnalyzeAction>
   <ArchiveAction
      buildConfiguration = "Release"
      revealArchiveInOrganizer = "YES">
   </ArchiveAction>
</Scheme>
